
Microsoft Visual Studio Solution File, Format Version 12.00
# Visual Studio Version 17
VisualStudioVersion = 17.6.33723.286
MinimumVisualStudioVersion = 10.0.40219.1
Project("{9A19103F-16F7-4668-BE54-9A1E7A4F7556}") = "GraphQLDemoAPI", "GraphQLDemoAPI.csproj", "{86ED04C7-7466-4D80-9637-C617B12D2D90}"
EndProject
Project("{9A19103F-16F7-4668-BE54-9A1E7A4F7556}") = "DataMangement-Processor", "..\DataMangement-Processor\DataMangement-Processor.csproj", "{53C5AB3F-8B00-4AA1-92C4-1CA4A47D14EF}"
EndProject
Project("{9A19103F-16F7-4668-BE54-9A1E7A4F7556}") = "DataModels", "..\DataModels\DataModels.csproj", "{AA07CDE5-D247-4513-B090-1141FFE42048}"
EndProject
Project("{2150E333-8FDC-42A3-9474-1A3956D46DE8}") = "Solution Items", "Solution Items", "{175359C4-6DC6-46BC-B54C-B38BD590D770}"
	ProjectSection(SolutionItems) = preProject
		DockerFile = DockerFile
	EndProjectSection
EndProject
Global
	GlobalSection(SolutionConfigurationPlatforms) = preSolution
		Debug|Any CPU = Debug|Any CPU
		Release|Any CPU = Release|Any CPU
	EndGlobalSection
	GlobalSection(ProjectConfigurationPlatforms) = postSolution
		{86ED04C7-7466-4D80-9637-C617B12D2D90}.Debug|Any CPU.ActiveCfg = Debug|Any CPU
		{86ED04C7-7466-4D80-9637-C617B12D2D90}.Debug|Any CPU.Build.0 = Debug|Any CPU
		{86ED04C7-7466-4D80-9637-C617B12D2D90}.Release|Any CPU.ActiveCfg = Release|Any CPU
		{86ED04C7-7466-4D80-9637-C617B12D2D90}.Release|Any CPU.Build.0 = Release|Any CPU
		{53C5AB3F-8B00-4AA1-92C4-1CA4A47D14EF}.Debug|Any CPU.ActiveCfg = Debug|Any CPU
		{53C5AB3F-8B00-4AA1-92C4-1CA4A47D14EF}.Debug|Any CPU.Build.0 = Debug|Any CPU
		{53C5AB3F-8B00-4AA1-92C4-1CA4A47D14EF}.Release|Any CPU.ActiveCfg = Release|Any CPU
		{53C5AB3F-8B00-4AA1-92C4-1CA4A47D14EF}.Release|Any CPU.Build.0 = Release|Any CPU
		{AA07CDE5-D247-4513-B090-1141FFE42048}.Debug|Any CPU.ActiveCfg = Debug|Any CPU
		{AA07CDE5-D247-4513-B090-1141FFE42048}.Debug|Any CPU.Build.0 = Debug|Any CPU
		{AA07CDE5-D247-4513-B090-1141FFE42048}.Release|Any CPU.ActiveCfg = Release|Any CPU
		{AA07CDE5-D247-4513-B090-1141FFE42048}.Release|Any CPU.Build.0 = Release|Any CPU
	EndGlobalSection
	GlobalSection(SolutionProperties) = preSolution
		HideSolutionNode = FALSE
	EndGlobalSection
	GlobalSection(ExtensibilityGlobals) = postSolution
		SolutionGuid = {8032712B-8203-48F3-A330-A47F8A8EDFDA}
	EndGlobalSection
EndGlobal
